{
  "name": "react-native-viewport-provider",
  "version": "1.0.0",
  "lockfileVersion": 2,
  "requires": true,
  "packages": {
    "": {
      "name": "react-native-viewport-provider",
      "version": "1.0.0",
      "license": "MIT",
      "dependencies": {
        "js-math-eval": "^1.0.0"
      },
      "devDependencies": {
        "typescript": "5.1.3"
      }
    },
    "node_modules/js-math-eval": {
      "version": "1.0.0",
      "resolved": "https://registry.npmjs.org/js-math-eval/-/js-math-eval-1.0.0.tgz",
      "integrity": "sha512-OzxJA8d2GYof4jU2ZcRdZrelUwFYb/6dnRkpIOQQSokeLub1n4D5iiypCsMeP5JHyi0VEyQ5pFFzYdesr3ZSSw=="
    },
    "node_modules/typescript": {
      "version": "5.1.3",
      "resolved": "https://registry.npmjs.org/typescript/-/typescript-5.1.3.tgz",
      "integrity": "sha512-XH627E9vkeqhlZFQuL+UsyAXEnibT0kWR2FWONlr4sTjvxyJYnyefgrkyECLzM5NenmKzRAy2rR/OlYLA1HkZw==",
      "dev": true,
      "bin": {
        "tsc": "bin/tsc",
        "tsserver": "bin/tsserver"
      },
      "engines": {
        "node": ">=14.17"
      }
    }
  },
  "dependencies": {
    "js-math-eval": {
      "version": "1.0.0",
      "resolved": "https://registry.npmjs.org/js-math-eval/-/js-math-eval-1.0.0.tgz",
      "integrity": "sha512-OzxJA8d2GYof4jU2ZcRdZrelUwFYb/6dnRkpIOQQSokeLub1n4D5iiypCsMeP5JHyi0VEyQ5pFFzYdesr3ZSSw=="
    },
    "typescript": {
      "version": "5.1.3",
      "resolved": "https://registry.npmjs.org/typescript/-/typescript-5.1.3.tgz",
      "integrity": "sha512-XH627E9vkeqhlZFQuL+UsyAXEnibT0kWR2FWONlr4sTjvxyJYnyefgrkyECLzM5NenmKzRAy2rR/OlYLA1HkZw==",
      "dev": true
    }
  }
}
